
Microsoft Visual Studio Solution File, Format Version 12.00
# Visual Studio Version 16
VisualStudioVersion = 16.0.30204.135
MinimumVisualStudioVersion = 10.0.40219.1
Project("{FAE04EC0-301F-11D3-BF4B-00C04F79EFBC}") = "PostAndGet", "PostAndGet\PostAndGet.csproj", "{33857FE4-3C1E-4F63-89EA-878E0C8DACD4}"
EndProject
Global
	GlobalSection(SolutionConfigurationPlatforms) = preSolution
		Debug|Any CPU = Debug|Any CPU
		Release|Any CPU = Release|Any CPU
	EndGlobalSection
	GlobalSection(ProjectConfigurationPlatforms) = postSolution
		{33857FE4-3C1E-4F63-89EA-878E0C8DACD4}.Debug|Any CPU.ActiveCfg = Debug|Any CPU
		{33857FE4-3C1E-4F63-89EA-878E0C8DACD4}.Debug|Any CPU.Build.0 = Debug|Any CPU
		{33857FE4-3C1E-4F63-89EA-878E0C8DACD4}.Release|Any CPU.ActiveCfg = Release|Any CPU
		{33857FE4-3C1E-4F63-89EA-878E0C8DACD4}.Release|Any CPU.Build.0 = Release|Any CPU
	EndGlobalSection
	GlobalSection(SolutionProperties) = preSolution
		HideSolutionNode = FALSE
	EndGlobalSection
	GlobalSection(ExtensibilityGlobals) = postSolution
		SolutionGuid = {5EAFE19F-A022-47CF-A7BB-0AF22B769D9E}
	EndGlobalSection
EndGlobal
